<?xml version="1.0" encoding="utf-8"?>
<Project ToolsVersion="4.0" xmlns="http://schemas.microsoft.com/developer/msbuild/2003">
  <ItemGroup>
    <Filter Include="Source Files">
      <UniqueIdentifier>{4FC737F1-C7A5-4376-A066-2A32D752A2FF}</UniqueIdentifier>
      <Extensions>cpp;c;cc;cxx;c++;cppm;ixx;def;odl;idl;hpj;bat;asm;asmx</Extensions>
    </Filter>
    <Filter Include="Header Files">
      <UniqueIdentifier>{93995380-89BD-4b04-88EB-625FBE52EBFB}</UniqueIdentifier>
      <Extensions>h;hh;hpp;hxx;h++;hm;inl;inc;ipp;xsd</Extensions>
    </Filter>
    <Filter Include="Resource Files">
      <UniqueIdentifier>{67DA6AB6-F800-4c08-8B7A-83BB121AAD01}</UniqueIdentifier>
      <Extensions>rc;ico;cur;bmp;dlg;rc2;rct;bin;rgs;gif;jpg;jpeg;jpe;resx;tiff;tif;png;wav;mfcribbon-ms</Extensions>
    </Filter>
  </ItemGroup>
  <ItemGroup>
    <ClInclude Include="TablaAviones.h">
      <Filter>Header Files</Filter>
    </ClInclude>
    <ClInclude Include="Fecha.h">
      <Filter>Header Files</Filter>
    </ClInclude>
    <ClInclude Include="Avion.h">
      <Filter>Header Files</Filter>
    </ClInclude>
    <ClInclude Include="AviacionCivil.h">
      <Filter>Header Files</Filter>
    </ClInclude>
    <ClInclude Include="AvionComercial.h">
      <Filter>Header Files</Filter>
    </ClInclude>
    <ClInclude Include="AvionDeCarga.h">
      <Filter>Header Files</Filter>
    </ClInclude>
    <ClInclude Include="AviacionMilitar.h">
      <Filter>Header Files</Filter>
    </ClInclude>
    <ClInclude Include="NodoAvion.h">
      <Filter>Header Files</Filter>
    </ClInclude>
    <ClInclude Include="ListaAviones.h">
      <Filter>Header Files</Filter>
    </ClInclude>
    <ClInclude Include="Empleado.h">
      <Filter>Header Files</Filter>
    </ClInclude>
    <ClInclude Include="Tripulacion.h">
      <Filter>Header Files</Filter>
    </ClInclude>
    <ClInclude Include="Piloto.h">
      <Filter>Header Files</Filter>
    </ClInclude>
    <ClInclude Include="Copiloto.h">
      <Filter>Header Files</Filter>
    </ClInclude>
    <ClInclude Include="Azafata.h">
      <Filter>Header Files</Filter>
    </ClInclude>
    <ClInclude Include="Planta.h">
      <Filter>Header Files</Filter>
    </ClInclude>
    <ClInclude Include="Adminitrativo.h">
      <Filter>Header Files</Filter>
    </ClInclude>
    <ClInclude Include="Miscelaneo.h">
      <Filter>Header Files</Filter>
    </ClInclude>
    <ClInclude Include="NodoEmpleado.h">
      <Filter>Header Files</Filter>
    </ClInclude>
    <ClInclude Include="ListaEmpleados.h">
      <Filter>Header Files</Filter>
    </ClInclude>
    <ClInclude Include="Contrato.h">
      <Filter>Header Files</Filter>
    </ClInclude>
    <ClInclude Include="ServicioProfesional.h">
      <Filter>Header Files</Filter>
    </ClInclude>
    <ClInclude Include="PlazoFijo.h">
      <Filter>Header Files</Filter>
    </ClInclude>
    <ClInclude Include="TiempoIndefinido.h">
      <Filter>Header Files</Filter>
    </ClInclude>
    <ClInclude Include="Plaza.h">
      <Filter>Header Files</Filter>
    </ClInclude>
    <ClInclude Include="Aeropuerto.h">
      <Filter>Header Files</Filter>
    </ClInclude>
    <ClInclude Include="InterfazAvion.h">
      <Filter>Header Files</Filter>
    </ClInclude>
    <ClInclude Include="InterfazEmpleado.h">
      <Filter>Header Files</Filter>
    </ClInclude>
    <ClInclude Include="ListaContratos.h">
      <Filter>Header Files</Filter>
    </ClInclude>
    <ClInclude Include="MensajesGenerales.h">
      <Filter>Header Files</Filter>
    </ClInclude>
    <ClInclude Include="MenuPrincipal.h">
      <Filter>Header Files</Filter>
    </ClInclude>
    <ClInclude Include="NodoContrato.h">
      <Filter>Header Files</Filter>
    </ClInclude>
    <ClInclude Include="InterfazContrato.h">
      <Filter>Header Files</Filter>
    </ClInclude>
    <ClInclude Include="NodoPlaza.h">
      <Filter>Header Files</Filter>
    </ClInclude>
    <ClInclude Include="ListaPlaza.h">
      <Filter>Header Files</Filter>
    </ClInclude>
    <ClInclude Include="InterfazReporteConsulta.h">
      <Filter>Header Files</Filter>
    </ClInclude>
    <ClInclude Include="InterfazEnlace.h">
      <Filter>Header Files</Filter>
    </ClInclude>
    <ClInclude Include="InterfazArchivo.h">
      <Filter>Header Files</Filter>
    </ClInclude>
  </ItemGroup>
  <ItemGroup>
    <ClCompile Include="TablaAviones.cpp">
      <Filter>Source Files</Filter>
    </ClCompile>
    <ClCompile Include="Fecha.cpp">
      <Filter>Source Files</Filter>
    </ClCompile>
    <ClCompile Include="Avion.cpp">
      <Filter>Source Files</Filter>
    </ClCompile>
    <ClCompile Include="AviacionCivil.cpp">
      <Filter>Source Files</Filter>
    </ClCompile>
    <ClCompile Include="AvionComercial.cpp">
      <Filter>Source Files</Filter>
    </ClCompile>
    <ClCompile Include="AvionDeCarga.cpp">
      <Filter>Source Files</Filter>
    </ClCompile>
    <ClCompile Include="AviacionMilitar.cpp">
      <Filter>Source Files</Filter>
    </ClCompile>
    <ClCompile Include="NodoAvion.cpp">
      <Filter>Source Files</Filter>
    </ClCompile>
    <ClCompile Include="ListaAviones.cpp">
      <Filter>Source Files</Filter>
    </ClCompile>
    <ClCompile Include="Principal.cpp">
      <Filter>Source Files</Filter>
    </ClCompile>
    <ClCompile Include="Empleado.cpp">
      <Filter>Source Files</Filter>
    </ClCompile>
    <ClCompile Include="Tripulacion.cpp">
      <Filter>Source Files</Filter>
    </ClCompile>
    <ClCompile Include="Piloto.cpp">
      <Filter>Source Files</Filter>
    </ClCompile>
    <ClCompile Include="Copiloto.cpp">
      <Filter>Source Files</Filter>
    </ClCompile>
    <ClCompile Include="Azafata.cpp">
      <Filter>Source Files</Filter>
    </ClCompile>
    <ClCompile Include="Planta.cpp">
      <Filter>Source Files</Filter>
    </ClCompile>
    <ClCompile Include="Adminitrativo.cpp">
      <Filter>Source Files</Filter>
    </ClCompile>
    <ClCompile Include="Miscelaneo.cpp">
      <Filter>Source Files</Filter>
    </ClCompile>
    <ClCompile Include="NodoEmpleado.cpp">
      <Filter>Source Files</Filter>
    </ClCompile>
    <ClCompile Include="ListaEmpleados.cpp">
      <Filter>Source Files</Filter>
    </ClCompile>
    <ClCompile Include="Contrato.cpp">
      <Filter>Source Files</Filter>
    </ClCompile>
    <ClCompile Include="ServicioProfesional.cpp">
      <Filter>Source Files</Filter>
    </ClCompile>
    <ClCompile Include="PlazoFijo.cpp">
      <Filter>Source Files</Filter>
    </ClCompile>
    <ClCompile Include="Plaza.cpp">
      <Filter>Source Files</Filter>
    </ClCompile>
    <ClCompile Include="TiempoIndefinido.cpp">
      <Filter>Source Files</Filter>
    </ClCompile>
    <ClCompile Include="Aeropuerto.cpp">
      <Filter>Source Files</Filter>
    </ClCompile>
    <ClCompile Include="InterfazAvion.cpp">
      <Filter>Source Files</Filter>
    </ClCompile>
    <ClCompile Include="InterfazEmpleado.cpp">
      <Filter>Source Files</Filter>
    </ClCompile>
    <ClCompile Include="ListaContratos.cpp">
      <Filter>Source Files</Filter>
    </ClCompile>
    <ClCompile Include="MensajesGenerales.cpp">
      <Filter>Source Files</Filter>
    </ClCompile>
    <ClCompile Include="MenuPrincipal.cpp">
      <Filter>Source Files</Filter>
    </ClCompile>
    <ClCompile Include="NodoContrato.cpp">
      <Filter>Source Files</Filter>
    </ClCompile>
    <ClCompile Include="InterfazContrato.cpp">
      <Filter>Source Files</Filter>
    </ClCompile>
    <ClCompile Include="NodoPlaza.cpp">
      <Filter>Source Files</Filter>
    </ClCompile>
    <ClCompile Include="ListaPlaza.cpp">
      <Filter>Source Files</Filter>
    </ClCompile>
    <ClCompile Include="InterfazReporteConsulta.cpp">
      <Filter>Source Files</Filter>
    </ClCompile>
    <ClCompile Include="InterfazEnlace.cpp">
      <Filter>Source Files</Filter>
    </ClCompile>
    <ClCompile Include="InterfazArchivo.cpp">
      <Filter>Source Files</Filter>
    </ClCompile>
  </ItemGroup>
</Project>