<?xml version="1.0" encoding="utf-8"?>
<Project ToolsVersion="4.0" xmlns="http://schemas.microsoft.com/developer/msbuild/2003">
  <ItemGroup>
    <Filter Include="Source Files">
      <UniqueIdentifier>{4FC737F1-C7A5-4376-A066-2A32D752A2FF}</UniqueIdentifier>
      <Extensions>cpp;c;cc;cxx;c++;cppm;ixx;def;odl;idl;hpj;bat;asm;asmx</Extensions>
    </Filter>
    <Filter Include="Header Files">
      <UniqueIdentifier>{93995380-89BD-4b04-88EB-625FBE52EBFB}</UniqueIdentifier>
      <Extensions>h;hh;hpp;hxx;h++;hm;inl;inc;ipp;xsd</Extensions>
    </Filter>
    <Filter Include="Resource Files">
      <UniqueIdentifier>{67DA6AB6-F800-4c08-8B7A-83BB121AAD01}</UniqueIdentifier>
      <Extensions>rc;ico;cur;bmp;dlg;rc2;rct;bin;rgs;gif;jpg;jpeg;jpe;resx;tiff;tif;png;wav;mfcribbon-ms</Extensions>
    </Filter>
  </ItemGroup>
  <ItemGroup>
    <ClInclude Include="TablaAMilitar.h">
      <Filter>Header Files</Filter>
    </ClInclude>
    <ClInclude Include="TablaACarga.h">
      <Filter>Header Files</Filter>
    </ClInclude>
    <ClInclude Include="TablaAComercial.h">
      <Filter>Header Files</Filter>
    </ClInclude>
    <ClInclude Include="Fecha.h">
      <Filter>Header Files</Filter>
    </ClInclude>
    <ClInclude Include="Avion.h">
      <Filter>Header Files</Filter>
    </ClInclude>
    <ClInclude Include="AviacionCivil.h">
      <Filter>Header Files</Filter>
    </ClInclude>
    <ClInclude Include="AvionComercial.h">
      <Filter>Header Files</Filter>
    </ClInclude>
    <ClInclude Include="AvionDeCarga.h">
      <Filter>Header Files</Filter>
    </ClInclude>
    <ClInclude Include="AviacionMilitar.h">
      <Filter>Header Files</Filter>
    </ClInclude>
    <ClInclude Include="NodoAvion.h">
      <Filter>Header Files</Filter>
    </ClInclude>
    <ClInclude Include="ListaAviones.h">
      <Filter>Header Files</Filter>
    </ClInclude>
  </ItemGroup>
  <ItemGroup>
    <ClCompile Include="TablaAMilitar.cpp">
      <Filter>Source Files</Filter>
    </ClCompile>
    <ClCompile Include="TablaACarga.cpp">
      <Filter>Source Files</Filter>
    </ClCompile>
    <ClCompile Include="TablaAComercial.cpp">
      <Filter>Source Files</Filter>
    </ClCompile>
    <ClCompile Include="Fecha.cpp">
      <Filter>Source Files</Filter>
    </ClCompile>
    <ClCompile Include="Avion.cpp">
      <Filter>Source Files</Filter>
    </ClCompile>
    <ClCompile Include="AviacionCivil.cpp">
      <Filter>Source Files</Filter>
    </ClCompile>
    <ClCompile Include="AvionComercial.cpp">
      <Filter>Source Files</Filter>
    </ClCompile>
    <ClCompile Include="AvionDeCarga.cpp">
      <Filter>Source Files</Filter>
    </ClCompile>
    <ClCompile Include="AviacionMilitar.cpp">
      <Filter>Source Files</Filter>
    </ClCompile>
    <ClCompile Include="NodoAvion.cpp">
      <Filter>Source Files</Filter>
    </ClCompile>
    <ClCompile Include="ListaAviones.cpp">
      <Filter>Source Files</Filter>
    </ClCompile>
    <ClCompile Include="Principal.cpp">
      <Filter>Source Files</Filter>
    </ClCompile>
  </ItemGroup>
</Project>